
Microsoft Visual Studio Solution File, Format Version 12.00
# Visual Studio Version 17
VisualStudioVersion = 17.8.34004.107
MinimumVisualStudioVersion = 10.0.40219.1
Project("{FAE04EC0-301F-11D3-BF4B-00C04F79EFBC}") = "eShoponWeb", "eShoponWeb\eShoponWeb.csproj", "{332F9A4F-3306-4AD5-A8B0-2004B160F720}"
EndProject
Global
	GlobalSection(SolutionConfigurationPlatforms) = preSolution
		Debug|Any CPU = Debug|Any CPU
		Release|Any CPU = Release|Any CPU
	EndGlobalSection
	GlobalSection(ProjectConfigurationPlatforms) = postSolution
		{332F9A4F-3306-4AD5-A8B0-2004B160F720}.Debug|Any CPU.ActiveCfg = Debug|Any CPU
		{332F9A4F-3306-4AD5-A8B0-2004B160F720}.Debug|Any CPU.Build.0 = Debug|Any CPU
		{332F9A4F-3306-4AD5-A8B0-2004B160F720}.Release|Any CPU.ActiveCfg = Release|Any CPU
		{332F9A4F-3306-4AD5-A8B0-2004B160F720}.Release|Any CPU.Build.0 = Release|Any CPU
	EndGlobalSection
	GlobalSection(SolutionProperties) = preSolution
		HideSolutionNode = FALSE
	EndGlobalSection
	GlobalSection(ExtensibilityGlobals) = postSolution
		SolutionGuid = {54022E64-EC7C-4F68-938A-DBAA96637C1F}
	EndGlobalSection
EndGlobal
